
Microsoft Visual Studio Solution File, Format Version 12.00
# Visual Studio Version 16
VisualStudioVersion = 16.0.31424.327
MinimumVisualStudioVersion = 10.0.40219.1
Project("{FAE04EC0-301F-11D3-BF4B-00C04F79EFBC}") = "App1.Android", "App1\App1.Android\App1.Android.csproj", "{2076CEA3-BCB4-40E1-AED6-5B4083C41388}"
EndProject
Project("{FAE04EC0-301F-11D3-BF4B-00C04F79EFBC}") = "App1", "App1\App1\App1.csproj", "{E787DCEB-3BF5-44F2-A474-AE0397D4DB6E}"
EndProject
Global
	GlobalSection(SolutionConfigurationPlatforms) = preSolution
		Debug|Any CPU = Debug|Any CPU
		Release|Any CPU = Release|Any CPU
	EndGlobalSection
	GlobalSection(ProjectConfigurationPlatforms) = postSolution
		{2076CEA3-BCB4-40E1-AED6-5B4083C41388}.Debug|Any CPU.ActiveCfg = Debug|Any CPU
		{2076CEA3-BCB4-40E1-AED6-5B4083C41388}.Debug|Any CPU.Build.0 = Debug|Any CPU
		{2076CEA3-BCB4-40E1-AED6-5B4083C41388}.Debug|Any CPU.Deploy.0 = Debug|Any CPU
		{2076CEA3-BCB4-40E1-AED6-5B4083C41388}.Release|Any CPU.ActiveCfg = Release|Any CPU
		{2076CEA3-BCB4-40E1-AED6-5B4083C41388}.Release|Any CPU.Build.0 = Release|Any CPU
		{2076CEA3-BCB4-40E1-AED6-5B4083C41388}.Release|Any CPU.Deploy.0 = Release|Any CPU
		{E787DCEB-3BF5-44F2-A474-AE0397D4DB6E}.Debug|Any CPU.ActiveCfg = Debug|Any CPU
		{E787DCEB-3BF5-44F2-A474-AE0397D4DB6E}.Debug|Any CPU.Build.0 = Debug|Any CPU
		{E787DCEB-3BF5-44F2-A474-AE0397D4DB6E}.Release|Any CPU.ActiveCfg = Release|Any CPU
		{E787DCEB-3BF5-44F2-A474-AE0397D4DB6E}.Release|Any CPU.Build.0 = Release|Any CPU
	EndGlobalSection
	GlobalSection(SolutionProperties) = preSolution
		HideSolutionNode = FALSE
	EndGlobalSection
	GlobalSection(ExtensibilityGlobals) = postSolution
		SolutionGuid = {A576D61E-A172-416C-B68C-7DD2442B86AD}
	EndGlobalSection
EndGlobal
